PODS:
  - AFNetworking (1.3.4)
  - Aspects (1.4.1)
  - Canvas (0.1.2)
  - CommonCrypto (1.1)
  - JLRoutes (1.6)
  - JSONKit-NoWarning (1.2)
  - LDCommonLibrary (1.1.0):
    - LDCommonLibrary/nt_arch (= 1.1.0)
    - LDCommonLibrary/nt_basic_additions (= 1.1.0)
    - LDCommonLibrary/nt_basic_utils (= 1.1.0)
    - LDCommonLibrary/nt_controller (= 1.1.0)
    - LDCommonLibrary/nt_introspection (= 1.1.0)
    - LDCommonLibrary/nt_ui (= 1.1.0)
  - LDCommonLibrary/nt_arch (1.1.0):
    - LDCommonLibrary/nt_basic_additions
    - LDCommonLibrary/nt_basic_utils
  - LDCommonLibrary/nt_basic_additions (1.1.0)
  - LDCommonLibrary/nt_basic_utils (1.1.0)
  - LDCommonLibrary/nt_controller (1.1.0):
    - LDCommonLibrary/nt_basic_additions
    - LDCommonLibrary/nt_basic_utils
    - LDCommonLibrary/nt_ui
  - LDCommonLibrary/nt_introspection (1.1.0):
    - LDCommonLibrary/nt_basic_additions
    - LDCommonLibrary/nt_basic_utils
  - LDCommonLibrary/nt_ui (1.1.0):
    - LDCommonLibrary/nt_basic_additions
    - LDCommonLibrary/nt_basic_utils
  - LDJSBridge (1.0.7)
  - LDWaxService (1.0.0):
    - LDWaxService/RSA (= 1.0.0)
    - LDWaxService/waxService (= 1.0.0)
  - LDWaxService/RSA (1.0.0)
  - LDWaxService/waxService (1.0.0):
    - LDWaxService/RSA
    - wax (~> 1.0.0)
    - ZipArchive (~> 1.4.0)
  - Masonry (0.6.4)
  - MMPlaceHolder (1.9)
  - MobileAnalysis (1.3.0):
    - Aspects (~> 1.4)
    - JSONKit-NoWarning (~> 1.2)
    - Reachability
  - MPCoachMarks (0.0.10)
  - NimbusKit-AttributedLabel (1.0.0)
  - NSData+Base64 (1.0.0)
  - Reachability (3.2)
  - SBJson (4.0.2)
  - SDWebImage (3.7.6):
    - SDWebImage/Core (= 3.7.6)
  - SDWebImage/Core (3.7.6)
  - UIToast (0.0.3)
  - wax (1.0.0)
  - ZipArchive (1.4.0)

DEPENDENCIES:
  - AFNetworking (~> 1.3.0)
  - Aspects
  - Canvas
  - CommonCrypto (~> 1.1)
  - JLRoutes
  - JSONKit-NoWarning
  - LDCommonLibrary (from `https://git.ms.netease.com/commonlibraryios/ntcommonlibrary.git`)
  - LDJSBridge
  - LDWaxService
  - Masonry (~> 0.6.2)
  - MMPlaceHolder
  - MobileAnalysis
  - MPCoachMarks (~> 0.0.7)
  - NimbusKit-AttributedLabel (~> 1.0.0)
  - NSData+Base64 (~> 1.0.0)
  - Reachability (~> 3.2)
  - SBJson (~> 4.0.2)
  - SDWebImage (~> 3.7.3)
  - UIToast (~> 0.0.2)

EXTERNAL SOURCES:
  LDCommonLibrary:
    :git: https://git.ms.netease.com/commonlibraryios/ntcommonlibrary.git

CHECKOUT OPTIONS:
  LDCommonLibrary:
    :commit: bc095db7acdb04f85f9a928663a0a4e50f4f46e7
    :git: https://git.ms.netease.com/commonlibraryios/ntcommonlibrary.git

SPEC CHECKSUMS:
  AFNetworking: cf8e418e16f0c9c7e5c3150d019a3c679d015018
  Aspects: 7595ba96a6727a58ebcbfc954497fc5d2fdde546
  Canvas: eb861e3b555d032648146c8ffda1a5dea40059ca
  CommonCrypto: e18c8416332cca5efe80c197f2a522d471c42626
  JLRoutes: 435d791422e96c9b9b5e1c4db1aedb3ae1b1a08f
  JSONKit-NoWarning: 3d27e6f9e6846ecf741e8c64dcadd7d5aa7193cb
  LDCommonLibrary: 0ccb6ad857b8fa1fac5debbfdf99bbe4d624bb5e
  LDJSBridge: 02fac2511533e4140c9d7a3f5bdbc8126a62e2d5
  LDWaxService: 4549e5bf13a0bf0fb23743f5e7dce0b6b34005bc
  Masonry: 281802d04d787ea2973179ee8bcb50500579ede2
  MMPlaceHolder: 40212b9dfe8760134b1b2fce3232f0d46200178f
  MobileAnalysis: 387882f76efab162b5d8369a760d514cab9a86e3
  MPCoachMarks: a398633622eff4ccd2902a1b8747c9053d9670bb
  NimbusKit-AttributedLabel: b07b1f99ba46801a1c0d32c43a3a044fdda46c15
  NSData+Base64: 4e84902c4db907a15673474677e57763ef3903e4
  Reachability: 33e18b67625424e47b6cde6d202dce689ad7af96
  SBJson: c18691cc18375b14664ff0fec841f8c4faef1934
  SDWebImage: c325cf02c30337336b95beff20a13df489ec0ec9
  UIToast: e6956e0a1018ead3c833b65bee30701305a7b499
  wax: 94fe8d42bff71f929d3ec61290ff34672899b732
  ZipArchive: e25a4373192673e3229ac8d6e9f64a3e5713c966

PODFILE CHECKSUM: 2b82f5f723253b36d3f4636f8d067b9b666c9cd3

COCOAPODS: 1.0.1
